// !$*UTF8*$!
{
	archiveVersion = 1;
	classes = {
	};
	objectVersion = 55;
	objects = {

/* Begin PBXBuildFile section */
		85CCD8B928B41F6800C0EAFE /* TrackerInvisalign WatchKit App.app in Embed Watch Content */ = {isa = PBXBuildFile; fileRef = 85CCD8B828B41F6800C0EAFE /* TrackerInvisalign WatchKit App.app */; settings = {ATTRIBUTES = (RemoveHeadersOnCopy, ); }; };
		85CCD8BE28B41F6A00C0EAFE /* Assets.xcassets in Resources */ = {isa = PBXBuildFile; fileRef = 85CCD8BD28B41F6A00C0EAFE /* Assets.xcassets */; };
		85CCD8C428B41F6A00C0EAFE /* TrackerInvisalign WatchKit Extension.appex in Embed App Extensions */ = {isa = PBXBuildFile; fileRef = 85CCD8C328B41F6A00C0EAFE /* TrackerInvisalign WatchKit Extension.appex */; settings = {ATTRIBUTES = (RemoveHeadersOnCopy, ); }; };
		85CCD8C928B41F6A00C0EAFE /* TrackerInvisalignApp.swift in Sources */ = {isa = PBXBuildFile; fileRef = 85CCD8C828B41F6A00C0EAFE /* TrackerInvisalignApp.swift */; };
		85CCD8CB28B41F6A00C0EAFE /* ContentView.swift in Sources */ = {isa = PBXBuildFile; fileRef = 85CCD8CA28B41F6A00C0EAFE /* ContentView.swift */; };
		85CCD8CD28B41F6A00C0EAFE /* NotificationController.swift in Sources */ = {isa = PBXBuildFile; fileRef = 85CCD8CC28B41F6A00C0EAFE /* NotificationController.swift */; };
		85CCD8CF28B41F6A00C0EAFE /* NotificationView.swift in Sources */ = {isa = PBXBuildFile; fileRef = 85CCD8CE28B41F6A00C0EAFE /* NotificationView.swift */; };
		85CCD8D128B41F6A00C0EAFE /* ComplicationController.swift in Sources */ = {isa = PBXBuildFile; fileRef = 85CCD8D028B41F6A00C0EAFE /* ComplicationController.swift */; };
		85CCD8D328B41F6B00C0EAFE /* Assets.xcassets in Resources */ = {isa = PBXBuildFile; fileRef = 85CCD8D228B41F6B00C0EAFE /* Assets.xcassets */; };
		85CCD8D628B41F6B00C0EAFE /* Preview Assets.xcassets in Resources */ = {isa = PBXBuildFile; fileRef = 85CCD8D528B41F6B00C0EAFE /* Preview Assets.xcassets */; };
/* End PBXBuildFile section */

/* Begin PBXContainerItemProxy section */
		85CCD8BA28B41F6800C0EAFE /* PBXContainerItemProxy */ = {
			isa = PBXContainerItemProxy;
			containerPortal = 85CCD8AE28B41F6800C0EAFE /* Project object */;
			proxyType = 1;
			remoteGlobalIDString = 85CCD8B728B41F6800C0EAFE;
			remoteInfo = "TrackerInvisalign WatchKit App";
		};
		85CCD8C528B41F6A00C0EAFE /* PBXContainerItemProxy */ = {
			isa = PBXContainerItemProxy;
			containerPortal = 85CCD8AE28B41F6800C0EAFE /* Project object */;
			proxyType = 1;
			remoteGlobalIDString = 85CCD8C228B41F6A00C0EAFE;
			remoteInfo = "TrackerInvisalign WatchKit Extension";
		};
/* End PBXContainerItemProxy section */

/* Begin PBXCopyFilesBuildPhase section */
		85CCD8DE28B41F6B00C0EAFE /* Embed App Extensions */ = {
			isa = PBXCopyFilesBuildPhase;
			buildActionMask = 2147483647;
			dstPath = "";
			dstSubfolderSpec = 13;
			files = (
				85CCD8C428B41F6A00C0EAFE /* TrackerInvisalign WatchKit Extension.appex in Embed App Extensions */,
			);
			name = "Embed App Extensions";
			runOnlyForDeploymentPostprocessing = 0;
		};
		85CCD8E228B41F6B00C0EAFE /* Embed Watch Content */ = {
			isa = PBXCopyFilesBuildPhase;
			buildActionMask = 2147483647;
			dstPath = "$(CONTENTS_FOLDER_PATH)/Watch";
			dstSubfolderSpec = 16;
			files = (
				85CCD8B928B41F6800C0EAFE /* TrackerInvisalign WatchKit App.app in Embed Watch Content */,
			);
			name = "Embed Watch Content";
			runOnlyForDeploymentPostprocessing = 0;
		};
/* End PBXCopyFilesBuildPhase section */

/* Begin PBXFileReference section */
		85CCD8B428B41F6800C0EAFE /* TrackerInvisalign.app */ = {isa = PBXFileReference; explicitFileType = wrapper.application; includeInIndex = 0; path = TrackerInvisalign.app; sourceTree = BUILT_PRODUCTS_DIR; };
		85CCD8B828B41F6800C0EAFE /* TrackerInvisalign WatchKit App.app */ = {isa = PBXFileReference; explicitFileType = wrapper.application; includeInIndex = 0; path = "TrackerInvisalign WatchKit App.app"; sourceTree = BUILT_PRODUCTS_DIR; };
		85CCD8BD28B41F6A00C0EAFE /* Assets.xcassets */ = {isa = PBXFileReference; lastKnownFileType = folder.assetcatalog; path = Assets.xcassets; sourceTree = "<group>"; };
		85CCD8C328B41F6A00C0EAFE /* TrackerInvisalign WatchKit Extension.appex */ = {isa = PBXFileReference; explicitFileType = "wrapper.app-extension"; includeInIndex = 0; path = "TrackerInvisalign WatchKit Extension.appex"; sourceTree = BUILT_PRODUCTS_DIR; };
		85CCD8C828B41F6A00C0EAFE /* TrackerInvisalignApp.swift */ = {isa = PBXFileReference; lastKnownFileType = sourcecode.swift; path = TrackerInvisalignApp.swift; sourceTree = "<group>"; };
		85CCD8CA28B41F6A00C0EAFE /* ContentView.swift */ = {isa = PBXFileReference; lastKnownFileType = sourcecode.swift; path = ContentView.swift; sourceTree = "<group>"; };
		85CCD8CC28B41F6A00C0EAFE /* NotificationController.swift */ = {isa = PBXFileReference; lastKnownFileType = sourcecode.swift; path = NotificationController.swift; sourceTree = "<group>"; };
		85CCD8CE28B41F6A00C0EAFE /* NotificationView.swift */ = {isa = PBXFileReference; lastKnownFileType = sourcecode.swift; path = NotificationView.swift; sourceTree = "<group>"; };
		85CCD8D028B41F6A00C0EAFE /* ComplicationController.swift */ = {isa = PBXFileReference; lastKnownFileType = sourcecode.swift; path = ComplicationController.swift; sourceTree = "<group>"; };
		85CCD8D228B41F6B00C0EAFE /* Assets.xcassets */ = {isa = PBXFileReference; lastKnownFileType = folder.assetcatalog; path = Assets.xcassets; sourceTree = "<group>"; };
		85CCD8D528B41F6B00C0EAFE /* Preview Assets.xcassets */ = {isa = PBXFileReference; lastKnownFileType = folder.assetcatalog; path = "Preview Assets.xcassets"; sourceTree = "<group>"; };
		85CCD8D728B41F6B00C0EAFE /* Info.plist */ = {isa = PBXFileReference; lastKnownFileType = text.plist.xml; path = Info.plist; sourceTree = "<group>"; };
		85CCD8D828B41F6B00C0EAFE /* PushNotificationPayload.apns */ = {isa = PBXFileReference; lastKnownFileType = text; path = PushNotificationPayload.apns; sourceTree = "<group>"; };
/* End PBXFileReference section */

/* Begin PBXFrameworksBuildPhase section */
		85CCD8C028B41F6A00C0EAFE /* Frameworks */ = {
			isa = PBXFrameworksBuildPhase;
			buildActionMask = 2147483647;
			files = (
			);
			runOnlyForDeploymentPostprocessing = 0;
		};
/* End PBXFrameworksBuildPhase section */

/* Begin PBXGroup section */
		85CCD8AD28B41F6800C0EAFE = {
			isa = PBXGroup;
			children = (
				85CCD8BC28B41F6800C0EAFE /* TrackerInvisalign WatchKit App */,
				85CCD8C728B41F6A00C0EAFE /* TrackerInvisalign WatchKit Extension */,
				85CCD8B528B41F6800C0EAFE /* Products */,
			);
			sourceTree = "<group>";
		};
		85CCD8B528B41F6800C0EAFE /* Products */ = {
			isa = PBXGroup;
			children = (
				85CCD8B428B41F6800C0EAFE /* TrackerInvisalign.app */,
				85CCD8B828B41F6800C0EAFE /* TrackerInvisalign WatchKit App.app */,
				85CCD8C328B41F6A00C0EAFE /* TrackerInvisalign WatchKit Extension.appex */,
			);
			name = Products;
			sourceTree = "<group>";
		};
		85CCD8BC28B41F6800C0EAFE /* TrackerInvisalign WatchKit App */ = {
			isa = PBXGroup;
			children = (
				85CCD8BD28B41F6A00C0EAFE /* Assets.xcassets */,
			);
			path = "TrackerInvisalign WatchKit App";
			sourceTree = "<group>";
		};
		85CCD8C728B41F6A00C0EAFE /* TrackerInvisalign WatchKit Extension */ = {
			isa = PBXGroup;
			children = (
				85CCD8C828B41F6A00C0EAFE /* TrackerInvisalignApp.swift */,
				85CCD8CA28B41F6A00C0EAFE /* ContentView.swift */,
				85CCD8CC28B41F6A00C0EAFE /* NotificationController.swift */,
				85CCD8CE28B41F6A00C0EAFE /* NotificationView.swift */,
				85CCD8D028B41F6A00C0EAFE /* ComplicationController.swift */,
				85CCD8D228B41F6B00C0EAFE /* Assets.xcassets */,
				85CCD8D728B41F6B00C0EAFE /* Info.plist */,
				85CCD8D828B41F6B00C0EAFE /* PushNotificationPayload.apns */,
				85CCD8D428B41F6B00C0EAFE /* Preview Content */,
			);
			path = "TrackerInvisalign WatchKit Extension";
			sourceTree = "<group>";
		};
		85CCD8D428B41F6B00C0EAFE /* Preview Content */ = {
			isa = PBXGroup;
			children = (
				85CCD8D528B41F6B00C0EAFE /* Preview Assets.xcassets */,
			);
			path = "Preview Content";
			sourceTree = "<group>";
		};
/* End PBXGroup section */

/* Begin PBXNativeTarget section */
		85CCD8B328B41F6800C0EAFE /* TrackerInvisalign */ = {
			isa = PBXNativeTarget;
			buildConfigurationList = 85CCD8E328B41F6B00C0EAFE /* Build configuration list for PBXNativeTarget "TrackerInvisalign" */;
			buildPhases = (
				85CCD8B228B41F6800C0EAFE /* Resources */,
				85CCD8E228B41F6B00C0EAFE /* Embed Watch Content */,
			);
			buildRules = (
			);
			dependencies = (
				85CCD8BB28B41F6800C0EAFE /* PBXTargetDependency */,
			);
			name = TrackerInvisalign;
			productName = TrackerInvisalign;
			productReference = 85CCD8B428B41F6800C0EAFE /* TrackerInvisalign.app */;
			productType = "com.apple.product-type.application.watchapp2-container";
		};
		85CCD8B728B41F6800C0EAFE /* TrackerInvisalign WatchKit App */ = {
			isa = PBXNativeTarget;
			buildConfigurationList = 85CCD8DF28B41F6B00C0EAFE /* Build configuration list for PBXNativeTarget "TrackerInvisalign WatchKit App" */;
			buildPhases = (
				85CCD8B628B41F6800C0EAFE /* Resources */,
				85CCD8DE28B41F6B00C0EAFE /* Embed App Extensions */,
			);
			buildRules = (
			);
			dependencies = (
				85CCD8C628B41F6A00C0EAFE /* PBXTargetDependency */,
			);
			name = "TrackerInvisalign WatchKit App";
			productName = "TrackerInvisalign WatchKit App";
			productReference = 85CCD8B828B41F6800C0EAFE /* TrackerInvisalign WatchKit App.app */;
			productType = "com.apple.product-type.application.watchapp2";
		};
		85CCD8C228B41F6A00C0EAFE /* TrackerInvisalign WatchKit Extension */ = {
			isa = PBXNativeTarget;
			buildConfigurationList = 85CCD8DB28B41F6B00C0EAFE /* Build configuration list for PBXNativeTarget "TrackerInvisalign WatchKit Extension" */;
			buildPhases = (
				85CCD8BF28B41F6A00C0EAFE /* Sources */,
				85CCD8C028B41F6A00C0EAFE /* Frameworks */,
				85CCD8C128B41F6A00C0EAFE /* Resources */,
			);
			buildRules = (
			);
			dependencies = (
			);
			name = "TrackerInvisalign WatchKit Extension";
			productName = "TrackerInvisalign WatchKit Extension";
			productReference = 85CCD8C328B41F6A00C0EAFE /* TrackerInvisalign WatchKit Extension.appex */;
			productType = "com.apple.product-type.watchkit2-extension";
		};
/* End PBXNativeTarget section */

/* Begin PBXProject section */
		85CCD8AE28B41F6800C0EAFE /* Project object */ = {
			isa = PBXProject;
			attributes = {
				BuildIndependentTargetsInParallel = 1;
				LastSwiftUpdateCheck = 1340;
				LastUpgradeCheck = 1340;
				TargetAttributes = {
					85CCD8B328B41F6800C0EAFE = {
						CreatedOnToolsVersion = 13.4.1;
					};
					85CCD8B728B41F6800C0EAFE = {
						CreatedOnToolsVersion = 13.4.1;
					};
					85CCD8C228B41F6A00C0EAFE = {
						CreatedOnToolsVersion = 13.4.1;
					};
				};
			};
			buildConfigurationList = 85CCD8B128B41F6800C0EAFE /* Build configuration list for PBXProject "TrackerInvisalign" */;
			compatibilityVersion = "Xcode 13.0";
			developmentRegion = en;
			hasScannedForEncodings = 0;
			knownRegions = (
				en,
				Base,
			);
			mainGroup = 85CCD8AD28B41F6800C0EAFE;
			productRefGroup = 85CCD8B528B41F6800C0EAFE /* Products */;
			projectDirPath = "";
			projectRoot = "";
			targets = (
				85CCD8B328B41F6800C0EAFE /* TrackerInvisalign */,
				85CCD8B728B41F6800C0EAFE /* TrackerInvisalign WatchKit App */,
				85CCD8C228B41F6A00C0EAFE /* TrackerInvisalign WatchKit Extension */,
			);
		};
/* End PBXProject section */

/* Begin PBXResourcesBuildPhase section */
		85CCD8B228B41F6800C0EAFE /* Resources */ = {
			isa = PBXResourcesBuildPhase;
			buildActionMask = 2147483647;
			files = (
			);
			runOnlyForDeploymentPostprocessing = 0;
		};
		85CCD8B628B41F6800C0EAFE /* Resources */ = {
			isa = PBXResourcesBuildPhase;
			buildActionMask = 2147483647;
			files = (
				85CCD8BE28B41F6A00C0EAFE /* Assets.xcassets in Resources */,
			);
			runOnlyForDeploymentPostprocessing = 0;
		};
		85CCD8C128B41F6A00C0EAFE /* Resources */ = {
			isa = PBXResourcesBuildPhase;
			buildActionMask = 2147483647;
			files = (
				85CCD8D628B41F6B00C0EAFE /* Preview Assets.xcassets in Resources */,
				85CCD8D328B41F6B00C0EAFE /* Assets.xcassets in Resources */,
			);
			runOnlyForDeploymentPostprocessing = 0;
		};
/* End PBXResourcesBuildPhase section */

/* Begin PBXSourcesBuildPhase section */
		85CCD8BF28B41F6A00C0EAFE /* Sources */ = {
			isa = PBXSourcesBuildPhase;
			buildActionMask = 2147483647;
			files = (
				85CCD8CD28B41F6A00C0EAFE /* NotificationController.swift in Sources */,
				85CCD8CB28B41F6A00C0EAFE /* ContentView.swift in Sources */,
				85CCD8D128B41F6A00C0EAFE /* ComplicationController.swift in Sources */,
				85CCD8C928B41F6A00C0EAFE /* TrackerInvisalignApp.swift in Sources */,
				85CCD8CF28B41F6A00C0EAFE /* NotificationView.swift in Sources */,
			);
			runOnlyForDeploymentPostprocessing = 0;
		};
/* End PBXSourcesBuildPhase section */

/* Begin PBXTargetDependency section */
		85CCD8BB28B41F6800C0EAFE /* PBXTargetDependency */ = {
			isa = PBXTargetDependency;
			target = 85CCD8B728B41F6800C0EAFE /* TrackerInvisalign WatchKit App */;
			targetProxy = 85CCD8BA28B41F6800C0EAFE /* PBXContainerItemProxy */;
		};
		85CCD8C628B41F6A00C0EAFE /* PBXTargetDependency */ = {
			isa = PBXTargetDependency;
			target = 85CCD8C228B41F6A00C0EAFE /* TrackerInvisalign WatchKit Extension */;
			targetProxy = 85CCD8C528B41F6A00C0EAFE /* PBXContainerItemProxy */;
		};
/* End PBXTargetDependency section */

/* Begin XCBuildConfiguration section */
		85CCD8D928B41F6B00C0EAFE /* Debug */ = {
			isa = XCBuildConfiguration;
			buildSettings = {
				ALWAYS_SEARCH_USER_PATHS = NO;
				CLANG_ANALYZER_NONNULL = YES;
				CLANG_ANALYZER_NUMBER_OBJECT_CONVERSION = YES_AGGRESSIVE;
				CLANG_CXX_LANGUAGE_STANDARD = "gnu++17";
				CLANG_ENABLE_MODULES = YES;
				CLANG_ENABLE_OBJC_ARC = YES;
				CLANG_ENABLE_OBJC_WEAK = YES;
				CLANG_WARN_BLOCK_CAPTURE_AUTORELEASING = YES;
				CLANG_WARN_BOOL_CONVERSION = YES;
				CLANG_WARN_COMMA = YES;
				CLANG_WARN_CONSTANT_CONVERSION = YES;
				CLANG_WARN_DEPRECATED_OBJC_IMPLEMENTATIONS = YES;
				CLANG_WARN_DIRECT_OBJC_ISA_USAGE = YES_ERROR;
				CLANG_WARN_DOCUMENTATION_COMMENTS = YES;
				CLANG_WARN_EMPTY_BODY = YES;
				CLANG_WARN_ENUM_CONVERSION = YES;
				CLANG_WARN_INFINITE_RECURSION = YES;
				CLANG_WARN_INT_CONVERSION = YES;
				CLANG_WARN_NON_LITERAL_NULL_CONVERSION = YES;
				CLANG_WARN_OBJC_IMPLICIT_RETAIN_SELF = YES;
				CLANG_WARN_OBJC_LITERAL_CONVERSION = YES;
				CLANG_WARN_OBJC_ROOT_CLASS = YES_ERROR;
				CLANG_WARN_QUOTED_INCLUDE_IN_FRAMEWORK_HEADER = YES;
				CLANG_WARN_RANGE_LOOP_ANALYSIS = YES;
				CLANG_WARN_STRICT_PROTOTYPES = YES;
				CLANG_WARN_SUSPICIOUS_MOVE = YES;
				CLANG_WARN_UNGUARDED_AVAILABILITY = YES_AGGRESSIVE;
				CLANG_WARN_UNREACHABLE_CODE = YES;
				CLANG_WARN__DUPLICATE_METHOD_MATCH = YES;
				COPY_PHASE_STRIP = NO;
				DEBUG_INFORMATION_FORMAT = dwarf;
				ENABLE_STRICT_OBJC_MSGSEND = YES;
				ENABLE_TESTABILITY = YES;
				GCC_C_LANGUAGE_STANDARD = gnu11;
				GCC_DYNAMIC_NO_PIC = NO;
				GCC_NO_COMMON_BLOCKS = YES;
				GCC_OPTIMIZATION_LEVEL = 0;
				GCC_PREPROCESSOR_DEFINITIONS = (
					"DEBUG=1",
					"$(inherited)",
				);
				GCC_WARN_64_TO_32_BIT_CONVERSION = YES;
				GCC_WARN_ABOUT_RETURN_TYPE = YES_ERROR;
				GCC_WARN_UNDECLARED_SELECTOR = YES;
				GCC_WARN_UNINITIALIZED_AUTOS = YES_AGGRESSIVE;
				GCC_WARN_UNUSED_FUNCTION = YES;
				GCC_WARN_UNUSED_VARIABLE = YES;
				MTL_ENABLE_DEBUG_INFO = INCLUDE_SOURCE;
				MTL_FAST_MATH = YES;
				ONLY_ACTIVE_ARCH = YES;
				SDKROOT = iphoneos;
				SWIFT_ACTIVE_COMPILATION_CONDITIONS = DEBUG;
				SWIFT_OPTIMIZATION_LEVEL = "-Onone";
			};
			name = Debug;
		};
		85CCD8DA28B41F6B00C0EAFE /* Release */ = {
			isa = XCBuildConfiguration;
			buildSettings = {
				ALWAYS_SEARCH_USER_PATHS = NO;
				CLANG_ANALYZER_NONNULL = YES;
				CLANG_ANALYZER_NUMBER_OBJECT_CONVERSION = YES_AGGRESSIVE;
				CLANG_CXX_LANGUAGE_STANDARD = "gnu++17";
				CLANG_ENABLE_MODULES = YES;
				CLANG_ENABLE_OBJC_ARC = YES;
				CLANG_ENABLE_OBJC_WEAK = YES;
				CLANG_WARN_BLOCK_CAPTURE_AUTORELEASING = YES;
				CLANG_WARN_BOOL_CONVERSION = YES;
				CLANG_WARN_COMMA = YES;
				CLANG_WARN_CONSTANT_CONVERSION = YES;
				CLANG_WARN_DEPRECATED_OBJC_IMPLEMENTATIONS = YES;
				CLANG_WARN_DIRECT_OBJC_ISA_USAGE = YES_ERROR;
				CLANG_WARN_DOCUMENTATION_COMMENTS = YES;
				CLANG_WARN_EMPTY_BODY = YES;
				CLANG_WARN_ENUM_CONVERSION = YES;
				CLANG_WARN_INFINITE_RECURSION = YES;
				CLANG_WARN_INT_CONVERSION = YES;
				CLANG_WARN_NON_LITERAL_NULL_CONVERSION = YES;
				CLANG_WARN_OBJC_IMPLICIT_RETAIN_SELF = YES;
				CLANG_WARN_OBJC_LITERAL_CONVERSION = YES;
				CLANG_WARN_OBJC_ROOT_CLASS = YES_ERROR;
				CLANG_WARN_QUOTED_INCLUDE_IN_FRAMEWORK_HEADER = YES;
				CLANG_WARN_RANGE_LOOP_ANALYSIS = YES;
				CLANG_WARN_STRICT_PROTOTYPES = YES;
				CLANG_WARN_SUSPICIOUS_MOVE = YES;
				CLANG_WARN_UNGUARDED_AVAILABILITY = YES_AGGRESSIVE;
				CLANG_WARN_UNREACHABLE_CODE = YES;
				CLANG_WARN__DUPLICATE_METHOD_MATCH = YES;
				COPY_PHASE_STRIP = NO;
				DEBUG_INFORMATION_FORMAT = "dwarf-with-dsym";
				ENABLE_NS_ASSERTIONS = NO;
				ENABLE_STRICT_OBJC_MSGSEND = YES;
				GCC_C_LANGUAGE_STANDARD = gnu11;
				GCC_NO_COMMON_BLOCKS = YES;
				GCC_WARN_64_TO_32_BIT_CONVERSION = YES;
				GCC_WARN_ABOUT_RETURN_TYPE = YES_ERROR;
				GCC_WARN_UNDECLARED_SELECTOR = YES;
				GCC_WARN_UNINITIALIZED_AUTOS = YES_AGGRESSIVE;
				GCC_WARN_UNUSED_FUNCTION = YES;
				GCC_WARN_UNUSED_VARIABLE = YES;
				MTL_ENABLE_DEBUG_INFO = NO;
				MTL_FAST_MATH = YES;
				SDKROOT = iphoneos;
				SWIFT_COMPILATION_MODE = wholemodule;
				SWIFT_OPTIMIZATION_LEVEL = "-O";
				VALIDATE_PRODUCT = YES;
			};
			name = Release;
		};
		85CCD8DC28B41F6B00C0EAFE /* Debug */ = {
			isa = XCBuildConfiguration;
			buildSettings = {
				ASSETCATALOG_COMPILER_COMPLICATION_NAME = Complication;
				CODE_SIGN_STYLE = Automatic;
				CURRENT_PROJECT_VERSION = 1;
				DEVELOPMENT_ASSET_PATHS = "\"TrackerInvisalign WatchKit Extension/Preview Content\"";
				DEVELOPMENT_TEAM = R64R8W4GNL;
				ENABLE_PREVIEWS = YES;
				GENERATE_INFOPLIST_FILE = YES;
				INFOPLIST_FILE = "TrackerInvisalign WatchKit Extension/Info.plist";
				INFOPLIST_KEY_CFBundleDisplayName = "TrackerInvisalign WatchKit Extension";
				INFOPLIST_KEY_CLKComplicationPrincipalClass = "$(PRODUCT_MODULE_NAME).ComplicationController";
				INFOPLIST_KEY_NSHumanReadableCopyright = "";
				INFOPLIST_KEY_WKWatchOnly = YES;
				LD_RUNPATH_SEARCH_PATHS = (
					"$(inherited)",
					"@executable_path/Frameworks",
					"@executable_path/../../Frameworks",
				);
				MARKETING_VERSION = 1.0;
				PRODUCT_BUNDLE_IDENTIFIER = cmlcrn17.TrackerInvisalign.watchkitapp.watchkitextension;
				PRODUCT_NAME = "${TARGET_NAME}";
				SDKROOT = watchos;
				SKIP_INSTALL = YES;
				SWIFT_EMIT_LOC_STRINGS = YES;
				SWIFT_VERSION = 5.0;
				TARGETED_DEVICE_FAMILY = 4;
				WATCHOS_DEPLOYMENT_TARGET = 8.5;
			};
			name = Debug;
		};
		85CCD8DD28B41F6B00C0EAFE /* Release */ = {
			isa = XCBuildConfiguration;
			buildSettings = {
				ASSETCATALOG_COMPILER_COMPLICATION_NAME = Complication;
				CODE_SIGN_STYLE = Automatic;
				CURRENT_PROJECT_VERSION = 1;
				DEVELOPMENT_ASSET_PATHS = "\"TrackerInvisalign WatchKit Extension/Preview Content\"";
				DEVELOPMENT_TEAM = R64R8W4GNL;
				ENABLE_PREVIEWS = YES;
				GENERATE_INFOPLIST_FILE = YES;
				INFOPLIST_FILE = "TrackerInvisalign WatchKit Extension/Info.plist";
				INFOPLIST_KEY_CFBundleDisplayName = "TrackerInvisalign WatchKit Extension";
				INFOPLIST_KEY_CLKComplicationPrincipalClass = "$(PRODUCT_MODULE_NAME).ComplicationController";
				INFOPLIST_KEY_NSHumanReadableCopyright = "";
				INFOPLIST_KEY_WKWatchOnly = YES;
				LD_RUNPATH_SEARCH_PATHS = (
					"$(inherited)",
					"@executable_path/Frameworks",
					"@executable_path/../../Frameworks",
				);
				MARKETING_VERSION = 1.0;
				PRODUCT_BUNDLE_IDENTIFIER = cmlcrn17.TrackerInvisalign.watchkitapp.watchkitextension;
				PRODUCT_NAME = "${TARGET_NAME}";
				SDKROOT = watchos;
				SKIP_INSTALL = YES;
				SWIFT_EMIT_LOC_STRINGS = YES;
				SWIFT_VERSION = 5.0;
				TARGETED_DEVICE_FAMILY = 4;
				WATCHOS_DEPLOYMENT_TARGET = 8.5;
			};
			name = Release;
		};
		85CCD8E028B41F6B00C0EAFE /* Debug */ = {
			isa = XCBuildConfiguration;
			buildSettings = {
				ALWAYS_EMBED_SWIFT_STANDARD_LIBRARIES = YES;
				ASSETCATALOG_COMPILER_APPICON_NAME = AppIcon;
				ASSETCATALOG_COMPILER_GLOBAL_ACCENT_COLOR_NAME = AccentColor;
				CODE_SIGN_STYLE = Automatic;
				CURRENT_PROJECT_VERSION = 1;
				DEVELOPMENT_TEAM = R64R8W4GNL;
				GENERATE_INFOPLIST_FILE = YES;
				IBSC_MODULE = TrackerInvisalign_WatchKit_Extension;
				INFOPLIST_KEY_CFBundleDisplayName = "TrackerInvisalign WatchKit App";
				INFOPLIST_KEY_UISupportedInterfaceOrientations = "UIInterfaceOrientationPortrait UIInterfaceOrientationPortraitUpsideDown";
				MARKETING_VERSION = 1.0;
				PRODUCT_BUNDLE_IDENTIFIER = cmlcrn17.TrackerInvisalign.watchkitapp;
				PRODUCT_NAME = "$(TARGET_NAME)";
				SDKROOT = watchos;
				SKIP_INSTALL = YES;
				SWIFT_EMIT_LOC_STRINGS = YES;
				SWIFT_VERSION = 5.0;
				TARGETED_DEVICE_FAMILY = 4;
				WATCHOS_DEPLOYMENT_TARGET = 8.5;
			};
			name = Debug;
		};
		85CCD8E128B41F6B00C0EAFE /* Release */ = {
			isa = XCBuildConfiguration;
			buildSettings = {
				ALWAYS_EMBED_SWIFT_STANDARD_LIBRARIES = YES;
				ASSETCATALOG_COMPILER_APPICON_NAME = AppIcon;
				ASSETCATALOG_COMPILER_GLOBAL_ACCENT_COLOR_NAME = AccentColor;
				CODE_SIGN_STYLE = Automatic;
				CURRENT_PROJECT_VERSION = 1;
				DEVELOPMENT_TEAM = R64R8W4GNL;
				GENERATE_INFOPLIST_FILE = YES;
				IBSC_MODULE = TrackerInvisalign_WatchKit_Extension;
				INFOPLIST_KEY_CFBundleDisplayName = "TrackerInvisalign WatchKit App";
				INFOPLIST_KEY_UISupportedInterfaceOrientations = "UIInterfaceOrientationPortrait UIInterfaceOrientationPortraitUpsideDown";
				MARKETING_VERSION = 1.0;
				PRODUCT_BUNDLE_IDENTIFIER = cmlcrn17.TrackerInvisalign.watchkitapp;
				PRODUCT_NAME = "$(TARGET_NAME)";
				SDKROOT = watchos;
				SKIP_INSTALL = YES;
				SWIFT_EMIT_LOC_STRINGS = YES;
				SWIFT_VERSION = 5.0;
				TARGETED_DEVICE_FAMILY = 4;
				WATCHOS_DEPLOYMENT_TARGET = 8.5;
			};
			name = Release;
		};
		85CCD8E428B41F6B00C0EAFE /* Debug */ = {
			isa = XCBuildConfiguration;
			buildSettings = {
				CODE_SIGN_STYLE = Automatic;
				CURRENT_PROJECT_VERSION = 1;
				DEVELOPMENT_TEAM = R64R8W4GNL;
				MARKETING_VERSION = 1.0;
				PRODUCT_BUNDLE_IDENTIFIER = cmlcrn17.TrackerInvisalign;
				PRODUCT_NAME = "$(TARGET_NAME)";
				SWIFT_VERSION = 5.0;
			};
			name = Debug;
		};
		85CCD8E528B41F6B00C0EAFE /* Release */ = {
			isa = XCBuildConfiguration;
			buildSettings = {
				CODE_SIGN_STYLE = Automatic;
				CURRENT_PROJECT_VERSION = 1;
				DEVELOPMENT_TEAM = R64R8W4GNL;
				MARKETING_VERSION = 1.0;
				PRODUCT_BUNDLE_IDENTIFIER = cmlcrn17.TrackerInvisalign;
				PRODUCT_NAME = "$(TARGET_NAME)";
				SWIFT_VERSION = 5.0;
			};
			name = Release;
		};
/* End XCBuildConfiguration section */

/* Begin XCConfigurationList section */
		85CCD8B128B41F6800C0EAFE /* Build configuration list for PBXProject "TrackerInvisalign" */ = {
			isa = XCConfigurationList;
			buildConfigurations = (
				85CCD8D928B41F6B00C0EAFE /* Debug */,
				85CCD8DA28B41F6B00C0EAFE /* Release */,
			);
			defaultConfigurationIsVisible = 0;
			defaultConfigurationName = Release;
		};
		85CCD8DB28B41F6B00C0EAFE /* Build configuration list for PBXNativeTarget "TrackerInvisalign WatchKit Extension" */ = {
			isa = XCConfigurationList;
			buildConfigurations = (
				85CCD8DC28B41F6B00C0EAFE /* Debug */,
				85CCD8DD28B41F6B00C0EAFE /* Release */,
			);
			defaultConfigurationIsVisible = 0;
			defaultConfigurationName = Release;
		};
		85CCD8DF28B41F6B00C0EAFE /* Build configuration list for PBXNativeTarget "TrackerInvisalign WatchKit App" */ = {
			isa = XCConfigurationList;
			buildConfigurations = (
				85CCD8E028B41F6B00C0EAFE /* Debug */,
				85CCD8E128B41F6B00C0EAFE /* Release */,
			);
			defaultConfigurationIsVisible = 0;
			defaultConfigurationName = Release;
		};
		85CCD8E328B41F6B00C0EAFE /* Build configuration list for PBXNativeTarget "TrackerInvisalign" */ = {
			isa = XCConfigurationList;
			buildConfigurations = (
				85CCD8E428B41F6B00C0EAFE /* Debug */,
				85CCD8E528B41F6B00C0EAFE /* Release */,
			);
			defaultConfigurationIsVisible = 0;
			defaultConfigurationName = Release;
		};
/* End XCConfigurationList section */
	};
	rootObject = 85CCD8AE28B41F6800C0EAFE /* Project object */;
}
